
Microsoft Visual Studio Solution File, Format Version 12.00
# Visual Studio Version 17
VisualStudioVersion = 17.11.35431.28
MinimumVisualStudioVersion = 10.0.40219.1
Project("{FAE04EC0-301F-11D3-BF4B-00C04F79EFBC}") = "ForwardUDP", "ForwardUDP.csproj", "{ABDDC487-1ACD-47F0-BC0B-6750C9C69548}"
EndProject
Global
	GlobalSection(SolutionConfigurationPlatforms) = preSolution
		Debug|Any CPU = Debug|Any CPU
		Release|Any CPU = Release|Any CPU
	EndGlobalSection
	GlobalSection(ProjectConfigurationPlatforms) = postSolution
		{ABDDC487-1ACD-47F0-BC0B-6750C9C69548}.Debug|Any CPU.ActiveCfg = Debug|Any CPU
		{ABDDC487-1ACD-47F0-BC0B-6750C9C69548}.Debug|Any CPU.Build.0 = Debug|Any CPU
		{ABDDC487-1ACD-47F0-BC0B-6750C9C69548}.Release|Any CPU.ActiveCfg = Release|Any CPU
		{ABDDC487-1ACD-47F0-BC0B-6750C9C69548}.Release|Any CPU.Build.0 = Release|Any CPU
	EndGlobalSection
	GlobalSection(SolutionProperties) = preSolution
		HideSolutionNode = FALSE
	EndGlobalSection
	GlobalSection(ExtensibilityGlobals) = postSolution
		SolutionGuid = {BC1D95FB-84C4-4CCA-9B5A-AE7CFD08F3A1}
	EndGlobalSection
EndGlobal
